{
  "lockfileVersion": 1,
  "configVersion": 1,
  "workspaces": {
    "": {
      "name": "omp-daybreak-delegate",
      "devDependencies": {
        "@oh-my-pi/pi-coding-agent": "18.1.20",
        "@types/bun": "1.3.14",
        "prettier": "3.6.2",
        "typescript": "5.9.3",
      },
    },
  },
  "packages": {
    "@babel/helper-string-parser": ["@babel/helper-string-parser@7.29.7", "", {}, "sha512-Pb5ijPrZ89GDH8223L4UP8i6QApWxs04RbPQJTeWDV0/keR2E36MeKnyr6LYmUUvqRRI+Iv87SuF1W6ErINzYw=="],

    "@babel/helper-validator-identifier": ["@babel/helper-validator-identifier@7.29.7", "", {}, "sha512-qehxGkRj55h/ff8EMaJ+cYhyaKlHIxqYDn682wQD7RNp9UujOQsHog2uS0r2vzr4pW+sXf90NeeayjcNaX3fFg=="],

    "@babel/parser": ["@babel/parser@7.29.8", "", { "dependencies": { "@babel/types": "^7.29.8" }, "bin": "./bin/babel-parser.js" }, "sha512-E8lTAYNB1KW+FH+VGJuZM1ioAx2E6oVlvQFRrf5P8ZZmsiJXYAD9vTFV7yyEURNzgh1dFqMZuO6tUwcARbqFCA=="],

    "@babel/types": ["@babel/types@7.29.8", "", { "dependencies": { "@babel/helper-string-parser": "^7.29.7", "@babel/helper-validator-identifier": "^7.29.7" } }, "sha512-Vj1jF3cPfxg7OAfoI7QnVKLoILlm2JF9pnVHrX8qx7AHMiYWT+NDAA7jChlNgRS4WTLc/fD1lXLmPixluj+3Gg=="],

    "@emnapi/runtime": ["@emnapi/runtime@1.11.3", "", { "dependencies": { "tslib": "^2.4.0" } }, "sha512-Xz4Tpyki7XyrpbUK1jR1AhdAdaXyhhY4lZ3neLodmhpuWfy2PAQN5B46sAiU4liOXGLkHypn/qU+jvfWSCYYLA=="],

    "@huggingface/jinja": ["@huggingface/jinja@0.5.10", "", {}, "sha512-SgS1D1bglQ94ceD4ZCL6eayUDy9uV1xuyk61OjgSxU5GJh7upqZCKII0JoTYMc6wWsg3JUgaPRX0ElQzXPk3Cw=="],

    "@huggingface/tokenizers": ["@huggingface/tokenizers@0.1.3", "", {}, "sha512-8rF/RRT10u+kn7YuUbUg0OF30K8rjTc78aHpxT+qJ1uWSqxT1MHi8+9ltwYfkFYJzT/oS+qw3JVfHtNMGAdqyA=="],

    "@huggingface/transformers": ["@huggingface/transformers@4.2.0", "", { "dependencies": { "@huggingface/jinja": "^0.5.6", "@huggingface/tokenizers": "^0.1.3", "onnxruntime-node": "1.24.3", "onnxruntime-web": "1.26.0-dev.20260416-b7804b056c", "sharp": "^0.34.5" } }, "sha512-8BRCoBMH0XsWaEIamuR0LrJGAfftgHAfb2Vrffy0VKlSAE/MnUJ5/h/zTfEP3fDIft+nk7TqB8xXEyABGitBjQ=="],

    "@img/colour": ["@img/colour@1.1.0", "", {}, "sha512-Td76q7j57o/tLVdgS746cYARfSyxk8iEfRxewL9h4OMzYhbW4TAcppl0mT4eyqXddh6L/jwoM75mo7ixa/pCeQ=="],

    "@img/sharp-darwin-arm64": ["@img/sharp-darwin-arm64@0.34.5", "", { "optionalDependencies": { "@img/sharp-libvips-darwin-arm64": "1.2.4" }, "os": "darwin", "cpu": "arm64" }, "sha512-imtQ3WMJXbMY4fxb/Ndp6HBTNVtWCUI0WdobyheGf5+ad6xX8VIDO8u2xE4qc/fr08CKG/7dDseFtn6M6g/r3w=="],

    "@img/sharp-darwin-x64": ["@img/sharp-darwin-x64@0.34.5", "", { "optionalDependencies": { "@img/sharp-libvips-darwin-x64": "1.2.4" }, "os": "darwin", "cpu": "x64" }, "sha512-YNEFAF/4KQ/PeW0N+r+aVVsoIY0/qxxikF2SWdp+NRkmMB7y9LBZAVqQ4yhGCm/H3H270OSykqmQMKLBhBJDEw=="],

    "@img/sharp-libvips-darwin-arm64": ["@img/sharp-libvips-darwin-arm64@1.2.4", "", { "os": "darwin", "cpu": "arm64" }, "sha512-zqjjo7RatFfFoP0MkQ51jfuFZBnVE2pRiaydKJ1G/rHZvnsrHAOcQALIi9sA5co5xenQdTugCvtb1cuf78Vf4g=="],

    "@img/sharp-libvips-darwin-x64": ["@img/sharp-libvips-darwin-x64@1.2.4", "", { "os": "darwin", "cpu": "x64" }, "sha512-1IOd5xfVhlGwX+zXv2N93k0yMONvUlANylbJw1eTah8K/Jtpi15KC+WSiaX/nBmbm2HxRM1gZ0nSdjSsrZbGKg=="],

    "@img/sharp-libvips-linux-arm": ["@img/sharp-libvips-linux-arm@1.2.4", "", { "os": "linux", "cpu": "arm" }, "sha512-bFI7xcKFELdiNCVov8e44Ia4u2byA+l3XtsAj+Q8tfCwO6BQ8iDojYdvoPMqsKDkuoOo+X6HZA0s0q11ANMQ8A=="],

    "@img/sharp-libvips-linux-arm64": ["@img/sharp-libvips-linux-arm64@1.2.4", "", { "os": "linux", "cpu": "arm64" }, "sha512-excjX8DfsIcJ10x1Kzr4RcWe1edC9PquDRRPx3YVCvQv+U5p7Yin2s32ftzikXojb1PIFc/9Mt28/y+iRklkrw=="],

    "@img/sharp-libvips-linux-ppc64": ["@img/sharp-libvips-linux-ppc64@1.2.4", "", { "os": "linux", "cpu": "ppc64" }, "sha512-FMuvGijLDYG6lW+b/UvyilUWu5Ayu+3r2d1S8notiGCIyYU/76eig1UfMmkZ7vwgOrzKzlQbFSuQfgm7GYUPpA=="],

    "@img/sharp-libvips-linux-riscv64": ["@img/sharp-libvips-linux-riscv64@1.2.4", "", { "os": "linux", "cpu": "none" }, "sha512-oVDbcR4zUC0ce82teubSm+x6ETixtKZBh/qbREIOcI3cULzDyb18Sr/Wcyx7NRQeQzOiHTNbZFF1UwPS2scyGA=="],

    "@img/sharp-libvips-linux-s390x": ["@img/sharp-libvips-linux-s390x@1.2.4", "", { "os": "linux", "cpu": "s390x" }, "sha512-qmp9VrzgPgMoGZyPvrQHqk02uyjA0/QrTO26Tqk6l4ZV0MPWIW6LTkqOIov+J1yEu7MbFQaDpwdwJKhbJvuRxQ=="],

    "@img/sharp-libvips-linux-x64": ["@img/sharp-libvips-linux-x64@1.2.4", "", { "os": "linux", "cpu": "x64" }, "sha512-tJxiiLsmHc9Ax1bz3oaOYBURTXGIRDODBqhveVHonrHJ9/+k89qbLl0bcJns+e4t4rvaNBxaEZsFtSfAdquPrw=="],

    "@img/sharp-libvips-linuxmusl-arm64": ["@img/sharp-libvips-linuxmusl-arm64@1.2.4", "", { "os": "linux", "cpu": "arm64" }, "sha512-FVQHuwx1IIuNow9QAbYUzJ+En8KcVm9Lk5+uGUQJHaZmMECZmOlix9HnH7n1TRkXMS0pGxIJokIVB9SuqZGGXw=="],

    "@img/sharp-libvips-linuxmusl-x64": ["@img/sharp-libvips-linuxmusl-x64@1.2.4", "", { "os": "linux", "cpu": "x64" }, "sha512-+LpyBk7L44ZIXwz/VYfglaX/okxezESc6UxDSoyo2Ks6Jxc4Y7sGjpgU9s4PMgqgjj1gZCylTieNamqA1MF7Dg=="],

    "@img/sharp-linux-arm": ["@img/sharp-linux-arm@0.34.5", "", { "optionalDependencies": { "@img/sharp-libvips-linux-arm": "1.2.4" }, "os": "linux", "cpu": "arm" }, "sha512-9dLqsvwtg1uuXBGZKsxem9595+ujv0sJ6Vi8wcTANSFpwV/GONat5eCkzQo/1O6zRIkh0m/8+5BjrRr7jDUSZw=="],

    "@img/sharp-linux-arm64": ["@img/sharp-linux-arm64@0.34.5", "", { "optionalDependencies": { "@img/sharp-libvips-linux-arm64": "1.2.4" }, "os": "linux", "cpu": "arm64" }, "sha512-bKQzaJRY/bkPOXyKx5EVup7qkaojECG6NLYswgktOZjaXecSAeCWiZwwiFf3/Y+O1HrauiE3FVsGxFg8c24rZg=="],

    "@img/sharp-linux-ppc64": ["@img/sharp-linux-ppc64@0.34.5", "", { "optionalDependencies": { "@img/sharp-libvips-linux-ppc64": "1.2.4" }, "os": "linux", "cpu": "ppc64" }, "sha512-7zznwNaqW6YtsfrGGDA6BRkISKAAE1Jo0QdpNYXNMHu2+0dTrPflTLNkpc8l7MUP5M16ZJcUvysVWWrMefZquA=="],

    "@img/sharp-linux-riscv64": ["@img/sharp-linux-riscv64@0.34.5", "", { "optionalDependencies": { "@img/sharp-libvips-linux-riscv64": "1.2.4" }, "os": "linux", "cpu": "none" }, "sha512-51gJuLPTKa7piYPaVs8GmByo7/U7/7TZOq+cnXJIHZKavIRHAP77e3N2HEl3dgiqdD/w0yUfiJnII77PuDDFdw=="],

    "@img/sharp-linux-s390x": ["@img/sharp-linux-s390x@0.34.5", "", { "optionalDependencies": { "@img/sharp-libvips-linux-s390x": "1.2.4" }, "os": "linux", "cpu": "s390x" }, "sha512-nQtCk0PdKfho3eC5MrbQoigJ2gd1CgddUMkabUj+rBevs8tZ2cULOx46E7oyX+04WGfABgIwmMC0VqieTiR4jg=="],

    "@img/sharp-linux-x64": ["@img/sharp-linux-x64@0.34.5", "", { "optionalDependencies": { "@img/sharp-libvips-linux-x64": "1.2.4" }, "os": "linux", "cpu": "x64" }, "sha512-MEzd8HPKxVxVenwAa+JRPwEC7QFjoPWuS5NZnBt6B3pu7EG2Ge0id1oLHZpPJdn3OQK+BQDiw9zStiHBTJQQQQ=="],

    "@img/sharp-linuxmusl-arm64": ["@img/sharp-linuxmusl-arm64@0.34.5", "", { "optionalDependencies": { "@img/sharp-libvips-linuxmusl-arm64": "1.2.4" }, "os": "linux", "cpu": "arm64" }, "sha512-fprJR6GtRsMt6Kyfq44IsChVZeGN97gTD331weR1ex1c1rypDEABN6Tm2xa1wE6lYb5DdEnk03NZPqA7Id21yg=="],

    "@img/sharp-linuxmusl-x64": ["@img/sharp-linuxmusl-x64@0.34.5", "", { "optionalDependencies": { "@img/sharp-libvips-linuxmusl-x64": "1.2.4" }, "os": "linux", "cpu": "x64" }, "sha512-Jg8wNT1MUzIvhBFxViqrEhWDGzqymo3sV7z7ZsaWbZNDLXRJZoRGrjulp60YYtV4wfY8VIKcWidjojlLcWrd8Q=="],

    "@img/sharp-wasm32": ["@img/sharp-wasm32@0.34.5", "", { "dependencies": { "@emnapi/runtime": "^1.7.0" }, "cpu": "none" }, "sha512-OdWTEiVkY2PHwqkbBI8frFxQQFekHaSSkUIJkwzclWZe64O1X4UlUjqqqLaPbUpMOQk6FBu/HtlGXNblIs0huw=="],

    "@img/sharp-win32-arm64": ["@img/sharp-win32-arm64@0.34.5", "", { "os": "win32", "cpu": "arm64" }, "sha512-WQ3AgWCWYSb2yt+IG8mnC6Jdk9Whs7O0gxphblsLvdhSpSTtmu69ZG1Gkb6NuvxsNACwiPV6cNSZNzt0KPsw7g=="],

    "@img/sharp-win32-ia32": ["@img/sharp-win32-ia32@0.34.5", "", { "os": "win32", "cpu": "ia32" }, "sha512-FV9m/7NmeCmSHDD5j4+4pNI8Cp3aW+JvLoXcTUo0IqyjSfAZJ8dIUmijx1qaJsIiU+Hosw6xM5KijAWRJCSgNg=="],

    "@img/sharp-win32-x64": ["@img/sharp-win32-x64@0.34.5", "", { "os": "win32", "cpu": "x64" }, "sha512-+29YMsqY2/9eFEiW93eqWnuLcWcufowXewwSNIT6UwZdUUCrM3oFjMWH/Z6/TMmb4hlFenmfAVbpWeup2jryCw=="],

    "@jridgewell/gen-mapping": ["@jridgewell/gen-mapping@0.3.13", "", { "dependencies": { "@jridgewell/sourcemap-codec": "^1.5.0", "@jridgewell/trace-mapping": "^0.3.24" } }, "sha512-2kkt/7niJ6MgEPxF0bYdQ6etZaA+fQvDcLKckhy1yIQOzaoKjBBjSj63/aLVjYE3qhRt5dvM+uUyfCg6UKCBbA=="],

    "@jridgewell/remapping": ["@jridgewell/remapping@2.3.5", "", { "dependencies": { "@jridgewell/gen-mapping": "^0.3.5", "@jridgewell/trace-mapping": "^0.3.24" } }, "sha512-LI9u/+laYG4Ds1TDKSJW2YPrIlcVYOwi2fUC6xB43lueCjgxV4lffOCZCtYFiH6TNOX+tQKXx97T4IKHbhyHEQ=="],

    "@jridgewell/resolve-uri": ["@jridgewell/resolve-uri@3.1.2", "", {}, "sha512-bRISgCIjP20/tbWSPWMEi54QVPRZExkuD9lJL+UIxUKtwVJA8wW1Trb1jMs1RFXo1CBTNZ/5hpC9QvmKWdopKw=="],

    "@jridgewell/sourcemap-codec": ["@jridgewell/sourcemap-codec@1.6.0", "", {}, "sha512-T7jf+5zgsZHwNJ4lvQ7/aezbyk0nNX+zJVWpmHA7VYsEx7a7qr5Rg5IbtJFqkgze5Y2sruq1RUY8Q837Od7iFw=="],

    "@jridgewell/trace-mapping": ["@jridgewell/trace-mapping@0.3.31", "", { "dependencies": { "@jridgewell/resolve-uri": "^3.1.0", "@jridgewell/sourcemap-codec": "^1.4.14" } }, "sha512-zzNR+SdQSDJzc8joaeP8QQoCQr8NuYx2dIIytl1QeBEZHJ9uW6hebsrYgbz8hJwUQao3TWCMtmfV8Nu1twOLAw=="],

    "@kurkle/color": ["@kurkle/color@0.3.4", "", {}, "sha512-M5UknZPHRu3DEDWoipU6sE8PdkZ6Z/S+v4dD+Ke8IaNlpdSQah50lz1KtcFBa2vsdOnwbbnxJwVM4wty6udA5w=="],

    "@oh-my-pi/omp-stats": ["@oh-my-pi/omp-stats@18.1.20", "", { "dependencies": { "@oh-my-pi/pi-ai": "18.1.20", "@oh-my-pi/pi-catalog": "18.1.20", "@oh-my-pi/pi-utils": "18.1.20", "@tailwindcss/node": "^4.3.2", "chart.js": "^4.5.1", "lucide-react": "^1.24.0", "react": "19.2.7", "react-chartjs-2": "^5.3.1", "react-dom": "19.2.7", "tailwindcss": "^4.3.2" }, "bin": { "omp-stats": "src/index.ts" } }, "sha512-fXGgi4VfnmZLuumoyYonI9asxisGAg3/Rg6KAaEhkPiMnpCNalQOsfsA0NvuCJQY020ALFdyBq6zcacyhDL3HQ=="],

    "@oh-my-pi/omptype": ["@oh-my-pi/omptype@18.1.20", "", {}, "sha512-q8Sd2KxNWXCQXrHV3OkBrjbOUkqONQP0pweGOmhXMKBFK/a0pgPYyzD+2X+3/A48C8yTVu+AmJWHE4fcH8Egyg=="],

    "@oh-my-pi/pi-agent-core": ["@oh-my-pi/pi-agent-core@18.1.20", "", { "dependencies": { "@oh-my-pi/pi-ai": "18.1.20", "@oh-my-pi/pi-catalog": "18.1.20", "@oh-my-pi/pi-natives": "18.1.20", "@oh-my-pi/pi-utils": "18.1.20", "@oh-my-pi/pi-wire": "18.1.20", "@oh-my-pi/snapcompact": "18.1.20", "@opentelemetry/api": "^1.9.1" } }, "sha512-VJhkbcq//uNSutPm4ameXUPgKCSy094zpe3K1oYcDbqGaYRnyVO7sRhsupfU6aJ22fBirSzDF5E3u1fNSd0Hjw=="],

    "@oh-my-pi/pi-ai": ["@oh-my-pi/pi-ai@18.1.20", "", { "dependencies": { "@oh-my-pi/omptype": "18.1.20", "@oh-my-pi/pi-catalog": "18.1.20", "@oh-my-pi/pi-natives": "18.1.20", "@oh-my-pi/pi-utils": "18.1.20", "@oh-my-pi/pi-wire": "18.1.20" } }, "sha512-h9oOVB5KJxc/eIzMMl/YcldOltbsfEVPpwC1ErQ+lFS3KouPC2R9t3Jk0S4Q0WsOWRmao/71+9hDbpmQ73ewcg=="],

    "@oh-my-pi/pi-catalog": ["@oh-my-pi/pi-catalog@18.1.20", "", { "dependencies": { "@oh-my-pi/omptype": "18.1.20", "@oh-my-pi/pi-utils": "18.1.20" } }, "sha512-elzRgnodbpn1xpe9q/bXnxKyd/7FS4As7JWDFuKpV5E87gu2YiBLMruwZRzCCuarsm/BOn6JLtq/REsyGXIy6g=="],

    "@oh-my-pi/pi-coding-agent": ["@oh-my-pi/pi-coding-agent@18.1.20", "", { "dependencies": { "@babel/parser": "^7.29.7", "@oh-my-pi/omp-stats": "18.1.20", "@oh-my-pi/omptype": "18.1.20", "@oh-my-pi/pi-agent-core": "18.1.20", "@oh-my-pi/pi-ai": "18.1.20", "@oh-my-pi/pi-catalog": "18.1.20", "@oh-my-pi/pi-mnemopi": "18.1.20", "@oh-my-pi/pi-natives": "18.1.20", "@oh-my-pi/pi-tui": "18.1.20", "@oh-my-pi/pi-utils": "18.1.20", "@oh-my-pi/pi-wire": "18.1.20", "@oh-my-pi/snapcompact": "18.1.20", "@opentelemetry/api": "^1.9.1", "@opentelemetry/api-logs": "^0.220.0", "@opentelemetry/context-async-hooks": "^2.9.0", "@opentelemetry/exporter-logs-otlp-proto": "^0.220.0", "@opentelemetry/exporter-metrics-otlp-proto": "^0.220.0", "@opentelemetry/exporter-trace-otlp-proto": "^0.220.0", "@opentelemetry/resources": "^2.9.0", "@opentelemetry/sdk-logs": "^0.220.0", "@opentelemetry/sdk-metrics": "^2.9.0", "@opentelemetry/sdk-trace-base": "^2.9.0", "@opentelemetry/sdk-trace-node": "^2.9.0", "puppeteer-core": "25.3.0" }, "optionalDependencies": { "@huggingface/transformers": "^4.2.0", "sherpa-onnx-node": "1.13.2" }, "bin": { "omp": "dist/cli.js" } }, "sha512-oP+lHoz+K4hiuOByz2z58bjEUALqT5prVSP/c8uDBDujMALy0pflYrC2qvPSNYZaW8y9/qSmiAUmzxTIHktqIA=="],

    "@oh-my-pi/pi-mnemopi": ["@oh-my-pi/pi-mnemopi@18.1.20", "", { "dependencies": { "@oh-my-pi/pi-ai": "18.1.20", "@oh-my-pi/pi-catalog": "18.1.20", "@oh-my-pi/pi-natives": "18.1.20", "@oh-my-pi/pi-utils": "18.1.20" }, "peerDependencies": { "fastembed": "2.1.0", "onnxruntime-node": "1.21.0" }, "optionalPeers": ["fastembed", "onnxruntime-node"], "bin": { "mnemopi": "src/cli.ts" } }, "sha512-DdurE92LT1QviF/C+BYbeAarB0RD3yrhpXLHYP97D/iC4gwUCyetpax8AXrhBe2RwxMtUYm1rHcohXqwvKFphw=="],

    "@oh-my-pi/pi-natives": ["@oh-my-pi/pi-natives@18.1.20", "", { "optionalDependencies": { "@oh-my-pi/pi-natives-darwin-arm64": "18.1.20", "@oh-my-pi/pi-natives-darwin-x64": "18.1.20", "@oh-my-pi/pi-natives-linux-arm64": "18.1.20", "@oh-my-pi/pi-natives-linux-x64": "18.1.20", "@oh-my-pi/pi-natives-win32-arm64": "18.1.20", "@oh-my-pi/pi-natives-win32-x64": "18.1.20" } }, "sha512-kzbrQMp3mfM66qCujizSA5M4pA+P3xgyfEIalrKvia+UWZQ7NPCjzySrXhV4eRJF/VNWtIPCMSUNGNKoukggTQ=="],

    "@oh-my-pi/pi-natives-darwin-arm64": ["@oh-my-pi/pi-natives-darwin-arm64@18.1.20", "", { "os": "darwin", "cpu": "arm64" }, "sha512-Y+xvNLiWUlBWvCEGEy8786PJJJAO/r5ApiIlGDIgTDmNH0qxN1wJft1/pbrDUBiRqPzkQcWCTJyEv4ItxOgbzg=="],

    "@oh-my-pi/pi-natives-darwin-x64": ["@oh-my-pi/pi-natives-darwin-x64@18.1.20", "", { "os": "darwin", "cpu": "x64" }, "sha512-6XXRdQPM1BCMWY+uq3eEiEcw5n6HzK5CHMcph5TZy3dC558tLnKyShty+fVeZPSkYpEluvnz9f95/03bLxJBWQ=="],

    "@oh-my-pi/pi-natives-linux-arm64": ["@oh-my-pi/pi-natives-linux-arm64@18.1.20", "", { "os": "linux", "cpu": "arm64" }, "sha512-0/HRoQhv6c4GnVoZhHDq2S91JEkeBYv2/fW/FDtliUGTru6Digno+Alu7R4p11BBBQ113Rj0ZpoS5vb6cKPKzQ=="],

    "@oh-my-pi/pi-natives-linux-x64": ["@oh-my-pi/pi-natives-linux-x64@18.1.20", "", { "os": "linux", "cpu": "x64" }, "sha512-mwcOpB6OiRwTfTZER0RZMPATQFjKR0pZpGYel+D1yVPgDK9HRHzVxueOlxtz0fVq21PwAW3UZr6+1/Fau6uLvA=="],

    "@oh-my-pi/pi-natives-win32-arm64": ["@oh-my-pi/pi-natives-win32-arm64@18.1.20", "", { "os": "win32", "cpu": "arm64" }, "sha512-IWW8YFaqc2w+ITpKrTR1x6N7sEWtVzNQFiePfbJBm6NqsOzJ1sFpzNXgoLo1E2WQGNW9roun/3s/PXNwSYL4UQ=="],

    "@oh-my-pi/pi-natives-win32-x64": ["@oh-my-pi/pi-natives-win32-x64@18.1.20", "", { "os": "win32", "cpu": "x64" }, "sha512-4lI9fWDuqHJJksj5OvDwcDy4pSI0bzv9M1FVOm08W5cF93vdJDjImRDn0Xph5uoPt5wWQNQNSGXaOKHCtyqCgw=="],

    "@oh-my-pi/pi-tui": ["@oh-my-pi/pi-tui@18.1.20", "", { "dependencies": { "@oh-my-pi/pi-natives": "18.1.20", "@oh-my-pi/pi-utils": "18.1.20" } }, "sha512-pfKL/YMTjuXfyHn1zWfO6MuWoEIwuw5fKJt/yCtZgFEa/j8adn/0zQBfia+XlxaFSC1KNzvq/geIAu4lbq0vhw=="],

    "@oh-my-pi/pi-utils": ["@oh-my-pi/pi-utils@18.1.20", "", { "dependencies": { "@oh-my-pi/pi-natives": "18.1.20" } }, "sha512-p0c4JjUS1bLfJJrPWot3mSr8XTYd8i3T6FxAWHmPDqYfNBESQvLqae1DlkTYSSU/af7waVd2l/5tbFfrSHaqsg=="],

    "@oh-my-pi/pi-wire": ["@oh-my-pi/pi-wire@18.1.20", "", {}, "sha512-gwqKi9272ZY3IfpQrB3osUgakpAoiXgl9jZCbJ0ZQRTYgHBhEoeQIRTVfOlM9oQY7GebVi/W4+XhBceogOJ4mw=="],

    "@oh-my-pi/snapcompact": ["@oh-my-pi/snapcompact@18.1.20", "", { "dependencies": { "@oh-my-pi/pi-ai": "18.1.20", "@oh-my-pi/pi-catalog": "18.1.20", "@oh-my-pi/pi-natives": "18.1.20", "@oh-my-pi/pi-utils": "18.1.20", "@oh-my-pi/pi-wire": "18.1.20" } }, "sha512-pYiqqB/VsHaB3+2Lc81cDi3mVkXdyIHBCOdc818qHNTldPRJxAoNZJRL8tfqSM4gDCmNtua7yhOvyERwPxRabg=="],

    "@opentelemetry/api": ["@opentelemetry/api@1.9.1", "", {}, "sha512-gLyJlPHPZYdAk1JENA9LeHejZe1Ti77/pTeFm/nMXmQH/HFZlcS/O2XJB+L8fkbrNSqhdtlvjBVjxwUYanNH5Q=="],

    "@opentelemetry/api-logs": ["@opentelemetry/api-logs@0.220.0", "", { "dependencies": { "@opentelemetry/api": "^1.3.0" } }, "sha512-CmVa4ImJ+ynfrPMNaAXHET6Bhb44SwzmfyVJFq9ni2jgXJR/l7C6gfVFddNmHP+ZOkP9cf4f9DBe68qVLTHc9w=="],

    "@opentelemetry/context-async-hooks": ["@opentelemetry/context-async-hooks@2.11.0", "", { "peerDependencies": { "@opentelemetry/api": ">=1.0.0 <1.10.0" } }, "sha512-Tr79DyWI8itsBdg+jH+opjfrwLzX+erk1/ExkIwhWoAVjVrJIn2y5+cGjTC0Vy8fyNIA/y8wuJPZwr1T3xCZeQ=="],

    "@opentelemetry/core": ["@opentelemetry/core@2.9.0", "", { "dependencies": { "@opentelemetry/semantic-conventions": "^1.29.0" }, "peerDependencies": { "@opentelemetry/api": ">=1.0.0 <1.10.0" } }, "sha512-m2nckMT80NnmjTYSPjJQObBJ+8dgkoajEOUbznL8AHZ3T3yHRk2P7gI1PhEBc1+lOnrYE9UWrWHqJDsmqjmNbw=="],

    "@opentelemetry/exporter-logs-otlp-proto": ["@opentelemetry/exporter-logs-otlp-proto@0.220.0", "", { "dependencies": { "@opentelemetry/otlp-exporter-base": "0.220.0", "@opentelemetry/otlp-transformer": "0.220.0", "@opentelemetry/sdk-logs": "0.220.0" }, "peerDependencies": { "@opentelemetry/api": "^1.3.0" } }, "sha512-8LZAxdJ0ENDAFwr4j0oY35mHBltiSzvlhdQAPGiC7p9VnxtuSq4SW1gfBAdW6t6hiQG6OwUl8w7KHaOdJPKHWg=="],

    "@opentelemetry/exporter-metrics-otlp-http": ["@opentelemetry/exporter-metrics-otlp-http@0.220.0", "", { "dependencies": { "@opentelemetry/core": "2.9.0", "@opentelemetry/otlp-exporter-base": "0.220.0", "@opentelemetry/otlp-transformer": "0.220.0", "@opentelemetry/resources": "2.9.0", "@opentelemetry/sdk-metrics": "2.9.0" }, "peerDependencies": { "@opentelemetry/api": "^1.3.0" } }, "sha512-Yqt3RBw/bRVncaE9qIIhk4WfjbAQqXuP9FgAaU+IKPndnLEp/cUqZlSC324+bpmduRz7DoTjig8Ub0PeILWXUA=="],

    "@opentelemetry/exporter-metrics-otlp-proto": ["@opentelemetry/exporter-metrics-otlp-proto@0.220.0", "", { "dependencies": { "@opentelemetry/core": "2.9.0", "@opentelemetry/exporter-metrics-otlp-http": "0.220.0", "@opentelemetry/otlp-exporter-base": "0.220.0", "@opentelemetry/otlp-transformer": "0.220.0", "@opentelemetry/resources": "2.9.0", "@opentelemetry/sdk-metrics": "2.9.0" }, "peerDependencies": { "@opentelemetry/api": "^1.3.0" } }, "sha512-lyO+IQBdSvqHN/ZOW/OzrSWemtfD+HgWngn+HBNLhjy0YrCQQTz0OE/kSekH2Pl340dn9DWzhqHdz5Eftr+HLA=="],

    "@opentelemetry/exporter-trace-otlp-proto": ["@opentelemetry/exporter-trace-otlp-proto@0.220.0", "", { "dependencies": { "@opentelemetry/core": "2.9.0", "@opentelemetry/otlp-exporter-base": "0.220.0", "@opentelemetry/otlp-transformer": "0.220.0", "@opentelemetry/resources": "2.9.0", "@opentelemetry/sdk-trace": "2.9.0" }, "peerDependencies": { "@opentelemetry/api": "^1.3.0" } }, "sha512-voTAD8XgJxlK7zLkXh8EzMB09zrQr3tyY/BsnDTlDiQU/UdK58MZ63A3mUjdEDrxMjCVmBHU3WQJhRmQe+Dvzg=="],

    "@opentelemetry/otlp-exporter-base": ["@opentelemetry/otlp-exporter-base@0.220.0", "", { "dependencies": { "@opentelemetry/core": "2.9.0", "@opentelemetry/otlp-transformer": "0.220.0" }, "peerDependencies": { "@opentelemetry/api": "^1.3.0" } }, "sha512-CXYo8UD5Mn9YbgebO2EL4wejtA+gxLmLiu6HCk2KH2BR7XhFN6/6p1UlCb23DYCjeYkndevLHuejCCN1yx4+OQ=="],

    "@opentelemetry/otlp-transformer": ["@opentelemetry/otlp-transformer@0.220.0", "", { "dependencies": { "@opentelemetry/api-logs": "0.220.0", "@opentelemetry/core": "2.9.0", "@opentelemetry/resources": "2.9.0", "@opentelemetry/sdk-logs": "0.220.0", "@opentelemetry/sdk-metrics": "2.9.0", "@opentelemetry/sdk-trace": "2.9.0" }, "peerDependencies": { "@opentelemetry/api": "^1.3.0" } }, "sha512-lXGrv7KXZ0gNH9SVNUaa6vv6phVYGvJxfXAlMbzbakiXru75f5MZl8Z7oqiMMQD77riVHJCFlQvbZs/VVN2/4A=="],

    "@opentelemetry/resources": ["@opentelemetry/resources@2.11.0", "", { "dependencies": { "@opentelemetry/core": "2.11.0", "@opentelemetry/semantic-conventions": "^1.29.0" }, "peerDependencies": { "@opentelemetry/api": ">=1.3.0 <1.10.0" } }, "sha512-Ie7+8q8MDF4FAEQCKVMTx3ReUvxiIAgIiiW3c9JdmP8+HMcDy20puT+AHjexnExgnbvBxjQ9fjkFDWrikJ2jQA=="],

    "@opentelemetry/sdk-logs": ["@opentelemetry/sdk-logs@0.220.0", "", { "dependencies": { "@opentelemetry/api-logs": "0.220.0", "@opentelemetry/core": "2.9.0", "@opentelemetry/resources": "2.9.0", "@opentelemetry/semantic-conventions": "^1.29.0" }, "peerDependencies": { "@opentelemetry/api": ">=1.4.0 <1.10.0" } }, "sha512-WywcTkQtv2iNmt+6y5Kcd4rzvx9bLVsBa2Nwcmg01IUaBTkTow3W4d9KE5vNBpEDtb9tp21WcRBY/lANRrApYA=="],

    "@opentelemetry/sdk-metrics": ["@opentelemetry/sdk-metrics@2.11.0", "", { "dependencies": { "@opentelemetry/core": "2.11.0", "@opentelemetry/resources": "2.11.0" }, "peerDependencies": { "@opentelemetry/api": ">=1.9.0 <1.10.0" } }, "sha512-7GXXcObyHyDUUSG+L+kJoquty01bzm7ivE7+SSgXXJcHuPzGviptxwARmI2c+bnnxjexGQbJnyNlN8HxBP/Y7A=="],

    "@opentelemetry/sdk-trace": ["@opentelemetry/sdk-trace@2.9.0", "", { "dependencies": { "@opentelemetry/core": "2.9.0", "@opentelemetry/resources": "2.9.0", "@opentelemetry/semantic-conventions": "^1.29.0" }, "peerDependencies": { "@opentelemetry/api": ">=1.3.0 <1.10.0" } }, "sha512-sGA19HvtrrSKYsseHphluH6j3p6Xa3fqc7c7y8f/7mYWejc1lyDFcpSdD1kYa50HCLUeEo4zA5bW0pniaPszuw=="],

    "@opentelemetry/sdk-trace-base": ["@opentelemetry/sdk-trace-base@2.11.0", "", { "dependencies": { "@opentelemetry/core": "2.11.0", "@opentelemetry/resources": "2.11.0", "@opentelemetry/sdk-trace": "2.11.0", "@opentelemetry/semantic-conventions": "^1.29.0" }, "peerDependencies": { "@opentelemetry/api": ">=1.3.0 <1.10.0" } }, "sha512-H19x/TX/LZdqiYOjM7fqtSxwlplC5pgelavqbQdHbhdq0q/AI/TGkM2dfGuuynTXmJPeF2HoZVoPDu+TGoW78A=="],

    "@opentelemetry/sdk-trace-node": ["@opentelemetry/sdk-trace-node@2.11.0", "", { "dependencies": { "@opentelemetry/context-async-hooks": "2.11.0", "@opentelemetry/core": "2.11.0", "@opentelemetry/sdk-trace-base": "2.11.0" }, "peerDependencies": { "@opentelemetry/api": ">=1.0.0 <1.10.0" } }, "sha512-CuvCMJmZxswhNLlM2LfuLOW3h3fZujA4hsG4B+Sz4dX2zvaXO8Ng74cnDHWD64gLszTlhiG3c0iNUjj4g+0/sA=="],

    "@opentelemetry/semantic-conventions": ["@opentelemetry/semantic-conventions@1.43.0", "", {}, "sha512-eSYWTm620tTk45EKSedaUL8MFYI8hW164hIXsgIHyxu3VobUB3fFCu5t0hQby6OoWRPsG1KkKUG2M5UadiLiVg=="],

    "@protobufjs/aspromise": ["@protobufjs/aspromise@1.1.2", "", {}, "sha512-j+gKExEuLmKwvz3OgROXtrJ2UG2x8Ch2YZUxahh+s1F2HZ+wAceUNLkvy6zKCPVRkU++ZWQrdxsUeQXmcg4uoQ=="],

    "@protobufjs/base64": ["@protobufjs/base64@1.1.2", "", {}, "sha512-AZkcAA5vnN/v4PDqKyMR5lx7hZttPDgClv83E//FMNhR2TMcLUhfRUBHCmSl0oi9zMgDDqRUJkSxO3wm85+XLg=="],

    "@protobufjs/codegen": ["@protobufjs/codegen@2.0.5", "", {}, "sha512-zgXFLzW3Ap33e6d0Wlj4MGIm6Ce8O89n/apUaGNB/jx+hw+ruWEp7EwGUshdLKVRCxZW12fp9r40E1mQrf/34g=="],

    "@protobufjs/eventemitter": ["@protobufjs/eventemitter@1.1.1", "", {}, "sha512-vW1GmwMZNnL+gMRaovlh9yZX74kc+TTU3FObkkurpMaRtBfLP3ldjS9KQWlwZgraRE0+dheEEoAxdzcJQ8eXZg=="],

    "@protobufjs/fetch": ["@protobufjs/fetch@1.1.1", "", { "dependencies": { "@protobufjs/aspromise": "^1.1.1" } }, "sha512-GpptLrs57adMSuHi3VNj0mAF8dwh36LMaYF6XyJ6JMWlVsc+t42tm1HSEDmOs3A8fC9yyeisgLhsTVQokOZ0zw=="],

    "@protobufjs/float": ["@protobufjs/float@1.0.2", "", {}, "sha512-Ddb+kVXlXst9d+R9PfTIxh1EdNkgoRe5tOX6t01f1lYWOvJnSPDBlG241QLzcyPdoNTsblLUdujGSE4RzrTZGQ=="],

    "@protobufjs/path": ["@protobufjs/path@1.1.2", "", {}, "sha512-6JOcJ5Tm08dOHAbdR3GrvP+yUUfkjG5ePsHYczMFLq3ZmMkAD98cDgcT2iA1lJ9NVwFd4tH/iSSoe44YWkltEA=="],

    "@protobufjs/pool": ["@protobufjs/pool@1.1.0", "", {}, "sha512-0kELaGSIDBKvcgS4zkjz1PeddatrjYcmMWOlAuAPwAeccUrPHdUqo/J6LiymHHEiJT5NrF1UVwxY14f+fy4WQw=="],

    "@protobufjs/utf8": ["@protobufjs/utf8@1.1.2", "", {}, "sha512-b1UQwcEZ4yCnMCD8DAL1VlbvBJE9/IX4FTIp7BG1xYpf29SLazLSrqUkj4w7Y5y7cCVP6E5tcqqcI0xemPkHug=="],

    "@puppeteer/browsers": ["@puppeteer/browsers@3.0.6", "", { "dependencies": { "modern-tar": "^0.7.6", "yargs": "^18.0.0" }, "peerDependencies": { "proxy-agent": ">=8.0.1", "yauzl": "^2.10.0 || ^3.4.0" }, "optionalPeers": ["proxy-agent", "yauzl"], "bin": { "browsers": "lib/main-cli.js" } }, "sha512-B/gKoqlFkzhvzsI6jo9K1cZz9o5ypviVv/xu8CwA4grZzyVwN+XfkT+tu8T1zrauuEXv6VhS2oGX+6NL95WcKA=="],

    "@tailwindcss/node": ["@tailwindcss/node@4.3.3", "", { "dependencies": { "@jridgewell/remapping": "^2.3.5", "enhanced-resolve": "^5.24.1", "jiti": "^2.7.0", "lightningcss": "1.32.0", "magic-string": "^0.30.21", "source-map-js": "^1.2.1", "tailwindcss": "4.3.3" } }, "sha512-/T8IKEsf9VTU6tLjgC7+sv2mOPtQxzE2jMw7u4Tt40Tx+QSZxpzh95/H6cMKoja9XuW7iMdLJYBB0o9G1CaAgg=="],

    "@types/bun": ["@types/bun@1.3.14", "", { "dependencies": { "bun-types": "1.3.14" } }, "sha512-h1hFqFVcvAvD9j9K7ZW7vd82aSA+rTdznZa+5bwvCwqSB1jmmfLcbIWhOLx1/+boy/xmjgCs/OMUL8hRJSmnPw=="],

    "@types/node": ["@types/node@26.5.1", "", { "dependencies": { "undici-types": "~8.9.0" } }, "sha512-CzNm2FezW4VR/LjG6yUdiEgLE/rAQ9Slj5gCu/C2VrdcW7I0ahNZ8DRbHT7zOZ6r3ONgd/bsQIeSaoDGrd1C6g=="],

    "adm-zip": ["adm-zip@0.5.18", "", {}, "sha512-ufJnssQGbxzLNS1Ho9bCtX4rQKCCvoVuDLHoJyc3F9dOGDB4BkWs2Ci0kv53lqocAEQ/Cbi+I2XCsNYGqVYqng=="],

    "ansi-regex": ["ansi-regex@6.3.0", "", {}, "sha512-WpDfL7NO6j7tH88IDBNVdUJxDh9nmCteAVW9dsep846XdwF4naCBK+/tGLX3KJgcpgMRXCFlTM2hKGoK9FsdrQ=="],

    "ansi-styles": ["ansi-styles@6.2.3", "", {}, "sha512-4Dj6M28JB+oAH8kFkTLUo+a2jwOFkuqb3yucU0CANcRRUbxS0cP0nZYCGjcc3BNXwRIsUVmDGgzawme7zvJHvg=="],

    "boolean": ["boolean@3.2.0", "", {}, "sha512-d0II/GO9uf9lfUHH2BQsjxzRJZBdsjgsBiW4BvhWk/3qoKwQFjIDVN19PfX8F2D/r9PCMTtLWjYVCFrpeYUzsw=="],

    "bun-types": ["bun-types@1.3.14", "", { "dependencies": { "@types/node": "*" } }, "sha512-4N0ig0fEomHt5R0KCFWjovxow98rIoRwKolrYdCcknNwMekCXRnWEUvgu5soYV8QXtVsrUD8B95MBOZGPvr6KQ=="],

    "chart.js": ["chart.js@4.5.1", "", { "dependencies": { "@kurkle/color": "^0.3.0" } }, "sha512-GIjfiT9dbmHRiYi6Nl2yFCq7kkwdkp1W/lp2J99rX0yo9tgJGn3lKQATztIjb5tVtevcBtIdICNWqlq5+E8/Pw=="],

    "chromium-bidi": ["chromium-bidi@16.0.1", "", { "dependencies": { "mitt": "^3.0.1", "zod": "^3.24.1" }, "peerDependencies": { "devtools-protocol": "*" } }, "sha512-J63PGu/9PpeCwLIcKYyzWP6yaVL5pxuBc0shlYCYM8BaAkmlwiQboXO1iNbOgSDbVklEyYFfNEcHD8oOAWacUA=="],

    "cliui": ["cliui@9.0.1", "", { "dependencies": { "string-width": "^7.2.0", "strip-ansi": "^7.1.0", "wrap-ansi": "^9.0.0" } }, "sha512-k7ndgKhwoQveBL+/1tqGJYNz097I7WOvwbmmU2AR5+magtbjPWQTS1C5vzGkBC8Ym8UWRzfKUzUUqFLypY4Q+w=="],

    "define-data-property": ["define-data-property@1.1.4", "", { "dependencies": { "es-define-property": "^1.0.0", "es-errors": "^1.3.0", "gopd": "^1.0.1" } }, "sha512-rBMvIzlpA8v6E+SJZoo++HAYqsLrkg7MSfIinMPFhmkorw7X+dOXVJQs+QT69zGkzMyfDnIMN2Wid1+NbL3T+A=="],

    "define-properties": ["define-properties@1.2.1", "", { "dependencies": { "define-data-property": "^1.0.1", "has-property-descriptors": "^1.0.0", "object-keys": "^1.1.1" } }, "sha512-8QmQKqEASLd5nx0U1B1okLElbUuuttJ/AnYmRXbbbGDWh6uS208EjD4Xqq/I9wK7u0v6O08XhTWnt5XtEbR6Dg=="],

    "detect-libc": ["detect-libc@2.1.2", "", {}, "sha512-Btj2BOOO83o3WyH59e8MgXsxEQVcarkUOpEYrubB0urwnN10yQ364rsiByU11nZlqWYZm05i/of7io4mzihBtQ=="],

    "detect-node": ["detect-node@2.1.0", "", {}, "sha512-T0NIuQpnTvFDATNuHN5roPwSBG83rFsuO+MXXH9/3N1eFbn4wcPjttvjMLEPWJ0RGUYgQE7cGgS3tNxbqCGM7g=="],

    "devtools-protocol": ["devtools-protocol@0.0.1638949", "", {}, "sha512-mXwg4Fqnv0WR4iuAT/gYUmctNkjILwXFHyZ+m7Ty1dfr0ezZt2U3gnrrJTfRobJTHoXf+IbuFvFITzLrLFjwJA=="],

    "emoji-regex": ["emoji-regex@10.6.0", "", {}, "sha512-toUI84YS5YmxW219erniWD0CIVOo46xGKColeNQRgOzDorgBi1v4D71/OFzgD9GO2UGKIv1C3Sp8DAn0+j5w7A=="],

    "enhanced-resolve": ["enhanced-resolve@5.25.1", "", { "dependencies": { "graceful-fs": "^4.2.4", "tapable": "^2.3.3" } }, "sha512-nGXts5znJzmWPu+mIE9izCOzdg63oJca2mDzGWWTth7sr4aCToKcoyFVBQwN75Ij5Pf6p510EwkTqViTRzDV+w=="],

    "es-define-property": ["es-define-property@1.0.1", "", {}, "sha512-e3nRfgfUZ4rNGL232gUgX06QNyyez04KdjFrF+LTRoOXmrOgFKDg4BCdsjW8EnT69eqdYGmRpJwiPVYNrCaW3g=="],

    "es-errors": ["es-errors@1.3.0", "", {}, "sha512-Zf5H2Kxt2xjTvbJvP2ZWLEICxA6j+hAmMzIlypy4xcBg1vKVnx89Wy0GbS+kf5cwCVFFzdCFh2XSCFNULS6csw=="],

    "es6-error": ["es6-error@4.1.1", "", {}, "sha512-Um/+FxMr9CISWh0bi5Zv0iOD+4cFh5qLeks1qhAopKVAJw3drgKbKySikp7wGhDL0HPeaja0P5ULZrxLkniUVg=="],

    "escalade": ["escalade@3.2.0", "", {}, "sha512-WUj2qlxaQtO4g6Pq5c29GTcWGDyd8itL8zTlipgECz3JesAiiOKotd8JU6otB3PACgG6xkJUyVhboMS+bje/jA=="],

    "escape-string-regexp": ["escape-string-regexp@4.0.0", "", {}, "sha512-TtpcNJ3XAzx3Gq8sWRzJaVajRs0uVxA2YAkdb1jm2YkPz4G6egUFAyA3n5vtEIZefPk5Wa4UXbKuS5fKkJWdgA=="],

    "flatbuffers": ["flatbuffers@25.9.23", "", {}, "sha512-MI1qs7Lo4Syw0EOzUl0xjs2lsoeqFku44KpngfIduHBYvzm8h2+7K8YMQh1JtVVVrUvhLpNwqVi4DERegUJhPQ=="],

    "get-caller-file": ["get-caller-file@2.0.5", "", {}, "sha512-DyFP3BM/3YHTQOCUL/w0OZHR0lpKeGrxotcHWcqNEdnltqFwXVfhEBQ94eIo34AfQpo0rGki4cyIiftY06h2Fg=="],

    "get-east-asian-width": ["get-east-asian-width@1.6.0", "", {}, "sha512-QRbvDIbx6YklUe6RxeTeleMR0yv3cYH6PsPZHcnVn7xv7zO1BHN8r0XETu8n6Ye3Q+ahtSarc3WgtNWmehIBfA=="],

    "global-agent": ["global-agent@3.0.0", "", { "dependencies": { "boolean": "^3.0.1", "es6-error": "^4.1.1", "matcher": "^3.0.0", "roarr": "^2.15.3", "semver": "^7.3.2", "serialize-error": "^7.0.1" } }, "sha512-PT6XReJ+D07JvGoxQMkT6qji/jVNfX/h364XHZOWeRzy64sSFr+xJ5OX7LI3b4MPQzdL4H8Y8M0xzPpsVMwA8Q=="],

    "globalthis": ["globalthis@1.0.4", "", { "dependencies": { "define-properties": "^1.2.1", "gopd": "^1.0.1" } }, "sha512-DpLKbNU4WylpxJykQujfCcwYWiV/Jhm50Goo0wrVILAv5jOr9d+H+UR3PhSCD2rCCEIg0uc+G+muBTwD54JhDQ=="],

    "gopd": ["gopd@1.2.0", "", {}, "sha512-ZUKRh6/kUFoAiTAtTYPZJ3hw9wNxx+BIBOijnlG9PnrJsCcSjs1wyyD6vJpaYtgnzDrKYRSqf3OO6Rfa93xsRg=="],

    "graceful-fs": ["graceful-fs@4.2.11", "", {}, "sha512-RbJ5/jmFcNNCcDV5o9eTnBLJ/HszWV0P73bc+Ff4nS/rJj+YaS6IGyiOL0VoBYX+l1Wrl3k63h/KrH+nhJ0XvQ=="],

    "guid-typescript": ["guid-typescript@1.0.9", "", {}, "sha512-Y8T4vYhEfwJOTbouREvG+3XDsjr8E3kIr7uf+JZ0BYloFsttiHU0WfvANVsR7TxNUJa/WpCnw/Ino/p+DeBhBQ=="],

    "has-property-descriptors": ["has-property-descriptors@1.0.2", "", { "dependencies": { "es-define-property": "^1.0.0" } }, "sha512-55JNKuIW+vq4Ke1BjOTjM2YctQIvCT7GFzHwmfZPGo5wnrgkid0YQtnAleFSqumZm4az3n2BS+erby5ipJdgrg=="],

    "jiti": ["jiti@2.7.0", "", { "bin": { "jiti": "lib/jiti-cli.mjs" } }, "sha512-AC/7JofJvZGrrneWNaEnJeOLUx+JlGt7tNa0wZiRPT4MY1wmfKjt2+6O2p2uz2+skll8OZZmJMNqeke7kKbNgQ=="],

    "json-stringify-safe": ["json-stringify-safe@5.0.1", "", {}, "sha512-ZClg6AaYvamvYEE82d3Iyd3vSSIjQ+odgjaTzRuO3s7toCdFKczob2i0zCh7JE8kWn17yvAWhUVxvqGwUalsRA=="],

    "lightningcss": ["lightningcss@1.32.0", "", { "dependencies": { "detect-libc": "^2.0.3" }, "optionalDependencies": { "lightningcss-android-arm64": "1.32.0", "lightningcss-darwin-arm64": "1.32.0", "lightningcss-darwin-x64": "1.32.0", "lightningcss-freebsd-x64": "1.32.0", "lightningcss-linux-arm-gnueabihf": "1.32.0", "lightningcss-linux-arm64-gnu": "1.32.0", "lightningcss-linux-arm64-musl": "1.32.0", "lightningcss-linux-x64-gnu": "1.32.0", "lightningcss-linux-x64-musl": "1.32.0", "lightningcss-win32-arm64-msvc": "1.32.0", "lightningcss-win32-x64-msvc": "1.32.0" } }, "sha512-NXYBzinNrblfraPGyrbPoD19C1h9lfI/1mzgWYvXUTe414Gz/X1FD2XBZSZM7rRTrMA8JL3OtAaGifrIKhQ5yQ=="],

    "lightningcss-android-arm64": ["lightningcss-android-arm64@1.32.0", "", { "os": "android", "cpu": "arm64" }, "sha512-YK7/ClTt4kAK0vo6w3X+Pnm0D2cf2vPHbhOXdoNti1Ga0al1P4TBZhwjATvjNwLEBCnKvjJc2jQgHXH0NEwlAg=="],

    "lightningcss-darwin-arm64": ["lightningcss-darwin-arm64@1.32.0", "", { "os": "darwin", "cpu": "arm64" }, "sha512-RzeG9Ju5bag2Bv1/lwlVJvBE3q6TtXskdZLLCyfg5pt+HLz9BqlICO7LZM7VHNTTn/5PRhHFBSjk5lc4cmscPQ=="],

    "lightningcss-darwin-x64": ["lightningcss-darwin-x64@1.32.0", "", { "os": "darwin", "cpu": "x64" }, "sha512-U+QsBp2m/s2wqpUYT/6wnlagdZbtZdndSmut/NJqlCcMLTWp5muCrID+K5UJ6jqD2BFshejCYXniPDbNh73V8w=="],

    "lightningcss-freebsd-x64": ["lightningcss-freebsd-x64@1.32.0", "", { "os": "freebsd", "cpu": "x64" }, "sha512-JCTigedEksZk3tHTTthnMdVfGf61Fky8Ji2E4YjUTEQX14xiy/lTzXnu1vwiZe3bYe0q+SpsSH/CTeDXK6WHig=="],

    "lightningcss-linux-arm-gnueabihf": ["lightningcss-linux-arm-gnueabihf@1.32.0", "", { "os": "linux", "cpu": "arm" }, "sha512-x6rnnpRa2GL0zQOkt6rts3YDPzduLpWvwAF6EMhXFVZXD4tPrBkEFqzGowzCsIWsPjqSK+tyNEODUBXeeVHSkw=="],

    "lightningcss-linux-arm64-gnu": ["lightningcss-linux-arm64-gnu@1.32.0", "", { "os": "linux", "cpu": "arm64" }, "sha512-0nnMyoyOLRJXfbMOilaSRcLH3Jw5z9HDNGfT/gwCPgaDjnx0i8w7vBzFLFR1f6CMLKF8gVbebmkUN3fa/kQJpQ=="],

    "lightningcss-linux-arm64-musl": ["lightningcss-linux-arm64-musl@1.32.0", "", { "os": "linux", "cpu": "arm64" }, "sha512-UpQkoenr4UJEzgVIYpI80lDFvRmPVg6oqboNHfoH4CQIfNA+HOrZ7Mo7KZP02dC6LjghPQJeBsvXhJod/wnIBg=="],

    "lightningcss-linux-x64-gnu": ["lightningcss-linux-x64-gnu@1.32.0", "", { "os": "linux", "cpu": "x64" }, "sha512-V7Qr52IhZmdKPVr+Vtw8o+WLsQJYCTd8loIfpDaMRWGUZfBOYEJeyJIkqGIDMZPwPx24pUMfwSxxI8phr/MbOA=="],

    "lightningcss-linux-x64-musl": ["lightningcss-linux-x64-musl@1.32.0", "", { "os": "linux", "cpu": "x64" }, "sha512-bYcLp+Vb0awsiXg/80uCRezCYHNg1/l3mt0gzHnWV9XP1W5sKa5/TCdGWaR/zBM2PeF/HbsQv/j2URNOiVuxWg=="],

    "lightningcss-win32-arm64-msvc": ["lightningcss-win32-arm64-msvc@1.32.0", "", { "os": "win32", "cpu": "arm64" }, "sha512-8SbC8BR40pS6baCM8sbtYDSwEVQd4JlFTOlaD3gWGHfThTcABnNDBda6eTZeqbofalIJhFx0qKzgHJmcPTnGdw=="],

    "lightningcss-win32-x64-msvc": ["lightningcss-win32-x64-msvc@1.32.0", "", { "os": "win32", "cpu": "x64" }, "sha512-Amq9B/SoZYdDi1kFrojnoqPLxYhQ4Wo5XiL8EVJrVsB8ARoC1PWW6VGtT0WKCemjy8aC+louJnjS7U18x3b06Q=="],

    "long": ["long@5.3.2", "", {}, "sha512-mNAgZ1GmyNhD7AuqnTG3/VQ26o760+ZYBPKjPvugO8+nLbYfX6TVpJPseBvopbdY+qpZ/lKUnmEc1LeZYS3QAA=="],

    "lucide-react": ["lucide-react@1.45.0", "", { "peerDependencies": { "react": "^16.5.1 || ^17.0.0 || ^18.0.0 || ^19.0.0" } }, "sha512-yH1ubCAduho9UR7oJhRXIQXogksRILBiTuZC4/bQIGeB9JOkxMlSuEHyyZpo1Z3S0yWJO2KTSUZbjiNvVxeOUw=="],

    "magic-string": ["magic-string@0.30.21", "", { "dependencies": { "@jridgewell/sourcemap-codec": "^1.5.5" } }, "sha512-vd2F4YUyEXKGcLHoq+TEyCjxueSeHnFxyyjNp80yg0XV4vUhnDer/lvvlqM/arB5bXQN5K2/3oinyCRyx8T2CQ=="],

    "matcher": ["matcher@3.0.0", "", { "dependencies": { "escape-string-regexp": "^4.0.0" } }, "sha512-OkeDaAZ/bQCxeFAozM55PKcKU0yJMPGifLwV4Qgjitu+5MoAfSQN4lsLJeXZ1b8w0x+/Emda6MZgXS1jvsapng=="],

    "mitt": ["mitt@3.0.1", "", {}, "sha512-vKivATfr97l2/QBCYAkXYDbrIWPM2IIKEl7YPhjCvKlG3kE2gm+uBo6nEXK3M5/Ffh/FLpKExzOQ3JJoJGFKBw=="],

    "modern-tar": ["modern-tar@0.7.7", "", {}, "sha512-t9VmxaqrmANnEOBhpSDI6HD192Ge48k8vmWqQQL7hSFEqHEYwZbbsu49+aKLWZeRvFs3j1pMhXOqqF4kPlvjkQ=="],

    "object-keys": ["object-keys@1.1.1", "", {}, "sha512-NuAESUOUMrlIXOfHKzD6bpPu3tYt3xvjNdRIQ+FeT0lNb4K8WR70CaDxhuNguS2XG+GjkyMwOzsN5ZktImfhLA=="],

    "onnxruntime-common": ["onnxruntime-common@1.24.3", "", {}, "sha512-GeuPZO6U/LBJXvwdaqHbuUmoXiEdeCjWi/EG7Y1HNnDwJYuk6WUbNXpF6luSUY8yASul3cmUlLGrCCL1ZgVXqA=="],

    "onnxruntime-node": ["onnxruntime-node@1.24.3", "", { "dependencies": { "adm-zip": "^0.5.16", "global-agent": "^3.0.0", "onnxruntime-common": "1.24.3" }, "os": [ "linux", "win32", "darwin", ] }, "sha512-JH7+czbc8ALA819vlTgcV+Q214/+VjGeBHDjX81+ZCD0PCVCIFGFNtT0V4sXG/1JXypKPgScQcB3ij/hk3YnTg=="],

    "onnxruntime-web": ["onnxruntime-web@1.26.0-dev.20260416-b7804b056c", "", { "dependencies": { "flatbuffers": "^25.1.24", "guid-typescript": "^1.0.9", "long": "^5.2.3", "onnxruntime-common": "1.24.0-dev.20251116-b39e144322", "platform": "^1.3.6", "protobufjs": "^7.2.4" } }, "sha512-MD6Ss4GSpQBo6zqoJzyT9LRbKYs7x/JVN23FT24EcEvlqF4VuzPOeH6X38orZPKHQDbprn7K+SBpu0/mj2CQiw=="],

    "platform": ["platform@1.3.6", "", {}, "sha512-fnWVljUchTro6RiCFvCXBbNhJc2NijN7oIQxbwsyL0buWJPG85v81ehlHI9fXrJsMNgTofEoWIQeClKpgxFLrg=="],

    "prettier": ["prettier@3.6.2", "", { "bin": { "prettier": "bin/prettier.cjs" } }, "sha512-I7AIg5boAr5R0FFtJ6rCfD+LFsWHp81dolrFD8S79U9tb8Az2nGrJncnMSnys+bpQJfRUzqs9hnA81OAA3hCuQ=="],

    "protobufjs": ["protobufjs@7.6.6", "", { "dependencies": { "@protobufjs/aspromise": "^1.1.2", "@protobufjs/base64": "^1.1.2", "@protobufjs/codegen": "^2.0.5", "@protobufjs/eventemitter": "^1.1.1", "@protobufjs/fetch": "^1.1.1", "@protobufjs/float": "^1.0.2", "@protobufjs/path": "^1.1.2", "@protobufjs/pool": "^1.1.0", "@protobufjs/utf8": "^1.1.1", "@types/node": ">=13.7.0", "long": "^5.3.2" } }, "sha512-dYDWdjSl5RNb7SgPxGQcRU+GtvP7s2fpkrY0r432PcOIaZ0/rBcxEZnQN67iJhFuQiVw754JDoPruPCNdGsbjg=="],

    "puppeteer-core": ["puppeteer-core@25.3.0", "", { "dependencies": { "@puppeteer/browsers": "3.0.6", "chromium-bidi": "16.0.1", "devtools-protocol": "0.0.1638949", "typed-query-selector": "^2.12.2", "webdriver-bidi-protocol": "0.4.2", "ws": "^8.21.0" } }, "sha512-fm+wpUr2oigH1PXZvwgATrM2tYWHMDG8ASzTEe9uukCye4X5Ldx1K5BTHPFKITrIWvQQAQ256d1NpbEveBcKjA=="],

    "react": ["react@19.2.7", "", {}, "sha512-HNe9WslTbXmFK8o8cmwgAeJFSBvt1bPdHCVKtaaV+WlAN36mpT4hcRpwbf3fY56ar2oIXzsBpOAiIRHAdY0OlQ=="],

    "react-chartjs-2": ["react-chartjs-2@5.3.1", "", { "peerDependencies": { "chart.js": "^4.1.1", "react": "^16.8.0 || ^17.0.0 || ^18.0.0 || ^19.0.0" } }, "sha512-h5IPXKg9EXpjoBzUfyWJvllMjG2mQ4EiuHQFhms/AjUm0XSZHhyRy2xVmLXHKrtcdrPO4mnGqRtYoD0vp95A0A=="],

    "react-dom": ["react-dom@19.2.7", "", { "dependencies": { "scheduler": "^0.27.0" }, "peerDependencies": { "react": "^19.2.7" } }, "sha512-t0BRVXvbiE/o20Hfw669rLbMCDWtYZLvmJigy2f0MxsXF+71pxhR3xOkspmsO8h3ZlNzyibAmtCa3l4lYKk6gQ=="],

    "roarr": ["roarr@2.15.4", "", { "dependencies": { "boolean": "^3.0.1", "detect-node": "^2.0.4", "globalthis": "^1.0.1", "json-stringify-safe": "^5.0.1", "semver-compare": "^1.0.0", "sprintf-js": "^1.1.2" } }, "sha512-CHhPh+UNHD2GTXNYhPWLnU8ONHdI+5DI+4EYIAOaiD63rHeYlZvyh8P+in5999TTSFgUYuKUAjzRI4mdh/p+2A=="],

    "scheduler": ["scheduler@0.27.0", "", {}, "sha512-eNv+WrVbKu1f3vbYJT/xtiF5syA5HPIMtf9IgY/nKg0sWqzAUEvqY/xm7OcZc/qafLx/iO9FgOmeSAp4v5ti/Q=="],

    "semver": ["semver@7.8.5", "", { "bin": { "semver": "bin/semver.js" } }, "sha512-Y7/KDsb8LjooZpwaqGyulO6DQlksgCncchHGk+sZIY4SBvUocMBEFH5Ur1fI4dV+Jvl0w6cjvucaIi40puRioA=="],

    "semver-compare": ["semver-compare@1.0.0", "", {}, "sha512-YM3/ITh2MJ5MtzaM429anh+x2jiLVjqILF4m4oyQB18W7Ggea7BfqdH/wGMK7dDiMghv/6WG7znWMwUDzJiXow=="],

    "serialize-error": ["serialize-error@7.0.1", "", { "dependencies": { "type-fest": "^0.13.1" } }, "sha512-8I8TjW5KMOKsZQTvoxjuSIa7foAwPWGOts+6o7sgjz41/qMD9VQHEDxi6PBvK2l0MXUmqZyNpUK+T2tQaaElvw=="],

    "sharp": ["sharp@0.34.5", "", { "dependencies": { "@img/colour": "^1.0.0", "detect-libc": "^2.1.2", "semver": "^7.7.3" }, "optionalDependencies": { "@img/sharp-darwin-arm64": "0.34.5", "@img/sharp-darwin-x64": "0.34.5", "@img/sharp-libvips-darwin-arm64": "1.2.4", "@img/sharp-libvips-darwin-x64": "1.2.4", "@img/sharp-libvips-linux-arm": "1.2.4", "@img/sharp-libvips-linux-arm64": "1.2.4", "@img/sharp-libvips-linux-ppc64": "1.2.4", "@img/sharp-libvips-linux-riscv64": "1.2.4", "@img/sharp-libvips-linux-s390x": "1.2.4", "@img/sharp-libvips-linux-x64": "1.2.4", "@img/sharp-libvips-linuxmusl-arm64": "1.2.4", "@img/sharp-libvips-linuxmusl-x64": "1.2.4", "@img/sharp-linux-arm": "0.34.5", "@img/sharp-linux-arm64": "0.34.5", "@img/sharp-linux-ppc64": "0.34.5", "@img/sharp-linux-riscv64": "0.34.5", "@img/sharp-linux-s390x": "0.34.5", "@img/sharp-linux-x64": "0.34.5", "@img/sharp-linuxmusl-arm64": "0.34.5", "@img/sharp-linuxmusl-x64": "0.34.5", "@img/sharp-wasm32": "0.34.5", "@img/sharp-win32-arm64": "0.34.5", "@img/sharp-win32-ia32": "0.34.5", "@img/sharp-win32-x64": "0.34.5" } }, "sha512-Ou9I5Ft9WNcCbXrU9cMgPBcCK8LiwLqcbywW3t4oDV37n1pzpuNLsYiAV8eODnjbtQlSDwZ2cUEeQz4E54Hltg=="],

    "sherpa-onnx-darwin-arm64": ["sherpa-onnx-darwin-arm64@1.13.8", "", { "os": "darwin", "cpu": "arm64" }, "sha512-FPNgJMgnWVl/KhRTIhG3KL3A4Om63Rn4YKXc9/uHY7SzLcvqLJLc/h7UBWJwduXvv7K18t5NpxHR6XgXn4sjWw=="],

    "sherpa-onnx-darwin-x64": ["sherpa-onnx-darwin-x64@1.13.8", "", { "os": "darwin", "cpu": "x64" }, "sha512-7BLRpjM6w4f9W46/nmkmq8lEKUayhebvcpslCVQ+6QN2uReYlZEMDZlSpXMjme+hUFrPfRz8P3UNq8ep/4d19g=="],

    "sherpa-onnx-linux-arm64": ["sherpa-onnx-linux-arm64@1.13.8", "", { "os": "linux", "cpu": "arm64" }, "sha512-Tlg7a70b/Wge3OF8IgTHF9jhSVCsLyKQKhwc4BsJ5A+dL/SrFtGBjzuHp4XeLhiiOT7afCxX5PdSn/D4c8Lnuw=="],

    "sherpa-onnx-linux-x64": ["sherpa-onnx-linux-x64@1.13.8", "", { "os": "linux", "cpu": "x64" }, "sha512-6plnhjagsSeTntCgnlag86hWbs/uZE9Crms1LgOb68/1nKsIQjMd+WG519m+aPwT6TrsBOiEMzrx41t8sL5L5g=="],

    "sherpa-onnx-node": ["sherpa-onnx-node@1.13.2", "", { "optionalDependencies": { "sherpa-onnx-darwin-arm64": "^1.13.2", "sherpa-onnx-darwin-x64": "^1.13.2", "sherpa-onnx-linux-arm64": "^1.13.2", "sherpa-onnx-linux-x64": "^1.13.2", "sherpa-onnx-win-ia32": "^1.13.2", "sherpa-onnx-win-x64": "^1.13.2" } }, "sha512-uIH6SA5Or4pb8HlCYWB3K54XkMtzdef4/tkw1amtIf8GB1tt6hQLpur9p2jSFNfTYRyzZ8XrXofxefXQ0A7EUA=="],

    "sherpa-onnx-win-ia32": ["sherpa-onnx-win-ia32@1.13.8", "", { "os": "win32", "cpu": "ia32" }, "sha512-H0Ojln9hfvM+pxWqW0cnjB/XK8/JPq4/k0IWu2JpY5Z458M3zv+XC3Hu+wmot3AoH/K1Bgt23n/tTKtPV9x8qg=="],

    "sherpa-onnx-win-x64": ["sherpa-onnx-win-x64@1.13.8", "", { "os": "win32", "cpu": "x64" }, "sha512-oZF1c9VPOKtMwn83Bboc5XSWL+76BRoyB3eUuVnCknBKxwSULZU2Foia9VHWzU+n4I12rPsP6z6H9Rp1hD9o8g=="],

    "source-map-js": ["source-map-js@1.2.1", "", {}, "sha512-UXWMKhLOwVKb728IUtQPXxfYU+usdybtUrK/8uGE8CQMvrhOpwvzDBwj0QhSL7MQc7vIsISBG8VQ8+IDQxpfQA=="],

    "sprintf-js": ["sprintf-js@1.1.3", "", {}, "sha512-Oo+0REFV59/rz3gfJNKQiBlwfHaSESl1pcGyABQsnnIfWOFt6JNj5gCog2U6MLZ//IGYD+nA8nI+mTShREReaA=="],

    "string-width": ["string-width@8.2.2", "", { "dependencies": { "get-east-asian-width": "^1.5.0", "strip-ansi": "^7.1.2" } }, "sha512-GaPUh5gfdrYzqeVNZvUfT23vYYxXzKYidUcnMtJg/3rxRV63EFZy3k6xfKlmfeJD0176lnUV/Usr3XcwSvFzpg=="],

    "strip-ansi": ["strip-ansi@7.2.0", "", { "dependencies": { "ansi-regex": "^6.2.2" } }, "sha512-yDPMNjp4WyfYBkHnjIRLfca1i6KMyGCtsVgoKe/z1+6vukgaENdgGBZt+ZmKPc4gavvEZ5OgHfHdrazhgNyG7w=="],

    "tailwindcss": ["tailwindcss@4.3.3", "", {}, "sha512-gOhV3P7ufE62QDGg1zVaTgCR+EtPv92k2nIhVcVKcLmxT1sUBsQGhnZj175j+MqRt4zLF7ic+sCYjfhxMxj7YQ=="],

    "tapable": ["tapable@2.3.3", "", {}, "sha512-uxc/zpqFg6x7C8vOE7lh6Lbda8eEL9zmVm/PLeTPBRhh1xCgdWaQ+J1CUieGpIfm2HdtsUpRv+HshiasBMcc6A=="],

    "tslib": ["tslib@2.8.1", "", {}, "sha512-oJFu94HQb+KVduSUQL7wnpmqnfmLsOA/nAh6b6EH0wCEoK0/mPeXU6c3wKDV83MkOuHPRHtSXKKU99IBazS/2w=="],

    "type-fest": ["type-fest@0.13.1", "", {}, "sha512-34R7HTnG0XIJcBSn5XhDd7nNFPRcXYRZrBB2O2jdKqYODldSzBAqzsWoZYYvduky73toYS/ESqxPvkDf/F0XMg=="],

    "typed-query-selector": ["typed-query-selector@2.12.2", "", {}, "sha512-EOPFbyIub4ngnEdqi2yOcNeDLaX/0jcE1JoAXQDDMIthap7FoN795lc/SHfIq2d416VufXpM8z/lD+WRm2gfOQ=="],

    "typescript": ["typescript@5.9.3", "", { "bin": { "tsc": "bin/tsc", "tsserver": "bin/tsserver" } }, "sha512-jl1vZzPDinLr9eUt3J/t7V6FgNEw9QjvBPdysz9KfQDD41fQrC2Y4vKQdiaUpFT4bXlb1RHhLpp8wtm6M5TgSw=="],

    "undici-types": ["undici-types@8.9.0", "", {}, "sha512-KTDyRTYX8sWmKXAikPHHSyc63CRPETMctyjKFupcC6OBLXT3xsN0e9aF7m+mIXutFWpUXuedtowG7iLOzp0kQg=="],

    "webdriver-bidi-protocol": ["webdriver-bidi-protocol@0.4.2", "", {}, "sha512-VSV+fzfChirL3e7jay2yUC7B4HQCGtEWEg/MSSQbK+qWbqeGlRLlXTzPpYr3XGUvbpDHumWZBJxgesg4N7dbtA=="],

    "wrap-ansi": ["wrap-ansi@9.0.2", "", { "dependencies": { "ansi-styles": "^6.2.1", "string-width": "^7.0.0", "strip-ansi": "^7.1.0" } }, "sha512-42AtmgqjV+X1VpdOfyTGOYRi0/zsoLqtXQckTmqTeybT+BDIbM/Guxo7x3pE2vtpr1ok6xRqM9OpBe+Jyoqyww=="],

    "ws": ["ws@8.21.3", "", { "peerDependencies": { "bufferutil": "^4.0.1", "utf-8-validate": ">=5.0.2" }, "optionalPeers": ["bufferutil", "utf-8-validate"] }, "sha512-201TZ/kPWxoPr/OKWjquZR1SWKXcvxdH+e1xrx89b3YbmzLMFCLfnaG1HFIgWzJOEWZ7MvpK++odZufgYR50Rw=="],

    "y18n": ["y18n@5.0.8", "", {}, "sha512-0pfFzegeDWJHJIAmTLRP2DwHjdF5s7jo9tuztdQxAhINCdvS+3nGINqPd00AphqJR/0LhANUS6/+7SCb98YOfA=="],

    "yargs": ["yargs@18.1.0", "", { "dependencies": { "cliui": "^9.0.1", "escalade": "^3.1.1", "get-caller-file": "^2.0.5", "string-width": "^8.2.1", "y18n": "^5.0.5", "yargs-parser": "^22.0.0" } }, "sha512-2rAgRKu54VsHkqI0/tYkmluGXHD4KW7yZoycuqDQ15QOTnc2VVfy0nN/1eMhnQLO00A+dwtK20xuCnc1YGeUyg=="],

    "yargs-parser": ["yargs-parser@22.0.0", "", {}, "sha512-rwu/ClNdSMpkSrUb+d6BRsSkLUq1fmfsY6TOpYzTwvwkg1/NRG85KBy3kq++A8LKQwX6lsu+aWad+2khvuXrqw=="],

    "zod": ["zod@3.25.76", "", {}, "sha512-gzUt/qt81nXsFGKIFcC3YnfEAx5NkunCfnDlvuBSSFS02bcXu4Lmea0AFIUwbLWxWPx3d9p8S5QoaujKcNQxcQ=="],

    "@opentelemetry/exporter-metrics-otlp-http/@opentelemetry/resources": ["@opentelemetry/resources@2.9.0", "", { "dependencies": { "@opentelemetry/core": "2.9.0", "@opentelemetry/semantic-conventions": "^1.29.0" }, "peerDependencies": { "@opentelemetry/api": ">=1.3.0 <1.10.0" } }, "sha512-jyA5MBLQ+Dkl3+JsZkUoUvL7yHvU64kLsvpXKarWm6347Sl1t1bXFTFykUePNpT5WH5pm9a2Qtt03iIYQhZ1Fg=="],

    "@opentelemetry/exporter-metrics-otlp-http/@opentelemetry/sdk-metrics": ["@opentelemetry/sdk-metrics@2.9.0", "", { "dependencies": { "@opentelemetry/core": "2.9.0", "@opentelemetry/resources": "2.9.0" }, "peerDependencies": { "@opentelemetry/api": ">=1.9.0 <1.10.0" } }, "sha512-Xx8RGS4H5XEBl01WuCreMIpiah9cCXMbSkeuIePPdD2cUpq/vUzYmj8E/MK1OsbOc93FuAD4jfn2WOacKwLn7Q=="],

    "@opentelemetry/exporter-metrics-otlp-proto/@opentelemetry/resources": ["@opentelemetry/resources@2.9.0", "", { "dependencies": { "@opentelemetry/core": "2.9.0", "@opentelemetry/semantic-conventions": "^1.29.0" }, "peerDependencies": { "@opentelemetry/api": ">=1.3.0 <1.10.0" } }, "sha512-jyA5MBLQ+Dkl3+JsZkUoUvL7yHvU64kLsvpXKarWm6347Sl1t1bXFTFykUePNpT5WH5pm9a2Qtt03iIYQhZ1Fg=="],

    "@opentelemetry/exporter-metrics-otlp-proto/@opentelemetry/sdk-metrics": ["@opentelemetry/sdk-metrics@2.9.0", "", { "dependencies": { "@opentelemetry/core": "2.9.0", "@opentelemetry/resources": "2.9.0" }, "peerDependencies": { "@opentelemetry/api": ">=1.9.0 <1.10.0" } }, "sha512-Xx8RGS4H5XEBl01WuCreMIpiah9cCXMbSkeuIePPdD2cUpq/vUzYmj8E/MK1OsbOc93FuAD4jfn2WOacKwLn7Q=="],

    "@opentelemetry/exporter-trace-otlp-proto/@opentelemetry/resources": ["@opentelemetry/resources@2.9.0", "", { "dependencies": { "@opentelemetry/core": "2.9.0", "@opentelemetry/semantic-conventions": "^1.29.0" }, "peerDependencies": { "@opentelemetry/api": ">=1.3.0 <1.10.0" } }, "sha512-jyA5MBLQ+Dkl3+JsZkUoUvL7yHvU64kLsvpXKarWm6347Sl1t1bXFTFykUePNpT5WH5pm9a2Qtt03iIYQhZ1Fg=="],

    "@opentelemetry/otlp-transformer/@opentelemetry/resources": ["@opentelemetry/resources@2.9.0", "", { "dependencies": { "@opentelemetry/core": "2.9.0", "@opentelemetry/semantic-conventions": "^1.29.0" }, "peerDependencies": { "@opentelemetry/api": ">=1.3.0 <1.10.0" } }, "sha512-jyA5MBLQ+Dkl3+JsZkUoUvL7yHvU64kLsvpXKarWm6347Sl1t1bXFTFykUePNpT5WH5pm9a2Qtt03iIYQhZ1Fg=="],

    "@opentelemetry/otlp-transformer/@opentelemetry/sdk-metrics": ["@opentelemetry/sdk-metrics@2.9.0", "", { "dependencies": { "@opentelemetry/core": "2.9.0", "@opentelemetry/resources": "2.9.0" }, "peerDependencies": { "@opentelemetry/api": ">=1.9.0 <1.10.0" } }, "sha512-Xx8RGS4H5XEBl01WuCreMIpiah9cCXMbSkeuIePPdD2cUpq/vUzYmj8E/MK1OsbOc93FuAD4jfn2WOacKwLn7Q=="],

    "@opentelemetry/resources/@opentelemetry/core": ["@opentelemetry/core@2.11.0", "", { "dependencies": { "@opentelemetry/semantic-conventions": "^1.29.0" }, "peerDependencies": { "@opentelemetry/api": ">=1.0.0 <1.10.0" } }, "sha512-7YP44XH0tV6+Mb54x2YGf84i7yi+31MBZlE8JwvozkxyTvXbSp10X7cI7YE49ChJ3shMJoBmCJF3+1QFBJctGA=="],

    "@opentelemetry/sdk-logs/@opentelemetry/resources": ["@opentelemetry/resources@2.9.0", "", { "dependencies": { "@opentelemetry/core": "2.9.0", "@opentelemetry/semantic-conventions": "^1.29.0" }, "peerDependencies": { "@opentelemetry/api": ">=1.3.0 <1.10.0" } }, "sha512-jyA5MBLQ+Dkl3+JsZkUoUvL7yHvU64kLsvpXKarWm6347Sl1t1bXFTFykUePNpT5WH5pm9a2Qtt03iIYQhZ1Fg=="],

    "@opentelemetry/sdk-metrics/@opentelemetry/core": ["@opentelemetry/core@2.11.0", "", { "dependencies": { "@opentelemetry/semantic-conventions": "^1.29.0" }, "peerDependencies": { "@opentelemetry/api": ">=1.0.0 <1.10.0" } }, "sha512-7YP44XH0tV6+Mb54x2YGf84i7yi+31MBZlE8JwvozkxyTvXbSp10X7cI7YE49ChJ3shMJoBmCJF3+1QFBJctGA=="],

    "@opentelemetry/sdk-trace/@opentelemetry/resources": ["@opentelemetry/resources@2.9.0", "", { "dependencies": { "@opentelemetry/core": "2.9.0", "@opentelemetry/semantic-conventions": "^1.29.0" }, "peerDependencies": { "@opentelemetry/api": ">=1.3.0 <1.10.0" } }, "sha512-jyA5MBLQ+Dkl3+JsZkUoUvL7yHvU64kLsvpXKarWm6347Sl1t1bXFTFykUePNpT5WH5pm9a2Qtt03iIYQhZ1Fg=="],

    "@opentelemetry/sdk-trace-base/@opentelemetry/core": ["@opentelemetry/core@2.11.0", "", { "dependencies": { "@opentelemetry/semantic-conventions": "^1.29.0" }, "peerDependencies": { "@opentelemetry/api": ">=1.0.0 <1.10.0" } }, "sha512-7YP44XH0tV6+Mb54x2YGf84i7yi+31MBZlE8JwvozkxyTvXbSp10X7cI7YE49ChJ3shMJoBmCJF3+1QFBJctGA=="],

    "@opentelemetry/sdk-trace-base/@opentelemetry/sdk-trace": ["@opentelemetry/sdk-trace@2.11.0", "", { "dependencies": { "@opentelemetry/core": "2.11.0", "@opentelemetry/resources": "2.11.0", "@opentelemetry/semantic-conventions": "^1.29.0" }, "peerDependencies": { "@opentelemetry/api": ">=1.3.0 <1.10.0" } }, "sha512-fFnTqGm8/G73GQVnxYi7LXa1ZVYEUvgL6XI1LpvV0bPC7WQ/ZGgKxCSl8FnlZBKto9JHHEFTO6s6CUpvvtwFrA=="],

    "@opentelemetry/sdk-trace-node/@opentelemetry/core": ["@opentelemetry/core@2.11.0", "", { "dependencies": { "@opentelemetry/semantic-conventions": "^1.29.0" }, "peerDependencies": { "@opentelemetry/api": ">=1.0.0 <1.10.0" } }, "sha512-7YP44XH0tV6+Mb54x2YGf84i7yi+31MBZlE8JwvozkxyTvXbSp10X7cI7YE49ChJ3shMJoBmCJF3+1QFBJctGA=="],

    "cliui/string-width": ["string-width@7.2.0", "", { "dependencies": { "emoji-regex": "^10.3.0", "get-east-asian-width": "^1.0.0", "strip-ansi": "^7.1.0" } }, "sha512-tsaTIkKW9b4N+AEj+SVA+WhJzV7/zMhcSu78mLKWSk7cXMOSHsBKFWUs0fWwq8QyK3MgJBQRX6Gbi4kYbdvGkQ=="],

    "onnxruntime-web/onnxruntime-common": ["onnxruntime-common@1.24.0-dev.20251116-b39e144322", "", {}, "sha512-BOoomdHYmNRL5r4iQ4bMvsl2t0/hzVQ3OM3PHD0gxeXu1PmggqBv3puZicEUVOA3AtHHYmqZtjMj9FOfGrATTw=="],

    "wrap-ansi/string-width": ["string-width@7.2.0", "", { "dependencies": { "emoji-regex": "^10.3.0", "get-east-asian-width": "^1.0.0", "strip-ansi": "^7.1.0" } }, "sha512-tsaTIkKW9b4N+AEj+SVA+WhJzV7/zMhcSu78mLKWSk7cXMOSHsBKFWUs0fWwq8QyK3MgJBQRX6Gbi4kYbdvGkQ=="],
  }
}
